# This file is autogenerated, do not edit; changes may be undone by the next 'dep ensure'.


[[projects]]
  name = "github.com/caarlos0/env"
  packages = ["."]
  revision = "7cd7992b3bc86f920394f8de92c13900da1a46b7"
  version = "v3.2.0"

[solve-meta]
  analyzer-name = "dep"
  analyzer-version = 1
  inputs-digest = "27725d5310983628b4662e67be4b40d4fcee5a72edbd4bac166afdfbb6e56516"
  solver-name = "gps-cdcl"
  solver-version = 1
